dependencies:
  espp/base_component:
    component_hash: 8ce5e30215ef1a664ae8967908c1755c43ea0338b6814ffe6a0ba94969412062
    dependencies:
    - name: espp/logger
      registry_url: https://components.espressif.com
      require: private
      version: '>=1.0'
    - name: idf
      require: private
      version: '>=5.0'
    source:
      registry_url: https://components.espressif.com
      type: service
    version: 1.0.36
  espp/cli:
    component_hash: da7092b2ffcdf2620aa4fa784eb81eae8b4f518f23e86ecda7e929def4b85e96
    dependencies:
    - name: espp/logger
      registry_url: https://components.espressif.com
      require: private
      version: '>=1.0'
    - name: idf
      require: private
      version: '>=5.0'
    source:
      registry_url: https://components.espressif.com
      type: service
    version: 1.0.36
  espp/color:
    component_hash: 221f750efbde1040c96de508a824a91297dc3f74ab3631c4385617ff5e1c5997
    dependencies:
    - name: espp/format
      registry_url: https://components.espressif.com
      require: private
      version: '>=1.0'
    - name: idf
      require: private
      version: '>=5.0'
    source:
      registry_url: https://components.espressif.com
      type: service
    version: 1.0.36
  espp/display:
    component_hash: 3f4c2ee29ab1074cf3beb608e1c7503ee713fb0d43eba4abf1d57147032204f4
    dependencies:
    - name: espp/base_component
      registry_url: https://components.espressif.com
      require: private
      version: '>=1.0'
    - name: espp/led
      registry_url: https://components.espressif.com
      require: private
      version: '>=1.0'
    - name: espp/task
      registry_url: https://components.espressif.com
      require: private
      version: '>=1.0'
    - name: idf
      require: private
      version: '>=5.0'
    - name: lvgl/lvgl
      registry_url: https://components.espressif.com
      require: private
      version: '>=9.2.2'
    source:
      registry_url: https://components.espressif.com
      type: service
    version: 1.0.36
  espp/display_drivers:
    component_hash: 55dfd1ce73583175df38d6f4fc5f6bea7009bd3e1cac02b7ad57981827c401fd
    dependencies:
    - name: espp/display
      registry_url: https://components.espressif.com
      require: private
      version: '>=1.0'
    - name: espp/led
      registry_url: https://components.espressif.com
      require: private
      version: '>=1.0'
    - name: idf
      require: private
      version: '>=5.0'
    source:
      registry_url: https://components.espressif.com
      type: service
    version: 1.0.36
  espp/format:
    component_hash: 6a1b3b8548c903f52c1942c16d796bb946da7c2866e86d17cc8d44b746ee7753
    dependencies:
    - name: idf
      require: private
      version: '>=5.0'
    source:
      registry_url: https://components.espressif.com
      type: service
    version: 1.0.36
  espp/i2c:
    component_hash: 9fc40b36a9aa3637088d4c0d87b1f7a638a85416541f8ef4e513daced0faa706
    dependencies:
    - name: espp/base_component
      registry_url: https://components.espressif.com
      require: private
      version: '>=1.0'
    - name: espp/cli
      registry_url: https://components.espressif.com
      require: private
      version: '>=1.0'
    - name: espp/task
      registry_url: https://components.espressif.com
      require: private
      version: '>=1.0'
    - name: idf
      require: private
      version: '>=5.0'
    source:
      registry_url: https://components.espressif.com
      type: service
    version: 1.0.36
  espp/interrupt:
    component_hash: 9f83c38c5dbfbc89110e878aecefa72ddedd3fe70ad787dda80d90355f1668fc
    dependencies:
    - name: espp/base_component
      registry_url: https://components.espressif.com
      require: private
      version: '>=1.0'
    - name: espp/task
      registry_url: https://components.espressif.com
      require: private
      version: '>=1.0'
    - name: idf
      require: private
      version: '>=5.0'
    source:
      registry_url: https://components.espressif.com
      type: service
    version: 1.0.36
  espp/led:
    component_hash: a6c638c4b30c4d921b918f0b8a3b9e761805d9e407d20d9f4080b9e1446cc872
    dependencies:
    - name: espp/base_component
      registry_url: https://components.espressif.com
      require: private
      version: '>=1.0'
    - name: espp/task
      registry_url: https://components.espressif.com
      require: private
      version: '>=1.0'
    - name: idf
      require: private
      version: '>=5.0'
    source:
      registry_url: https://components.espressif.com
      type: service
    version: 1.0.36
  espp/led_strip:
    component_hash: 2c987ef9a05b69f35d3d3297dfd390c5adc1f3482471487a79e10aeef45bb0bd
    dependencies:
    - name: espp/base_component
      registry_url: https://components.espressif.com
      require: private
      version: '>=1.0'
    - name: espp/color
      registry_url: https://components.espressif.com
      require: private
      version: '>=1.0'
    - name: idf
      require: private
      version: '>=5.0'
    source:
      registry_url: https://components.espressif.com
      type: service
    version: 1.0.36
  espp/logger:
    component_hash: afd6709bfc54ba3f88387a1070ffe470253451c1e761a11228019e98ef90a0d9
    dependencies:
    - name: espp/format
      registry_url: https://components.espressif.com
      require: private
      version: '>=1.0'
    - name: idf
      require: private
      version: '>=5.0'
    source:
      registry_url: https://components.espressif.com
      type: service
    version: 1.0.36
  espp/t-dongle-s3:
    component_hash: c9c8fb4b93a69707db16db8d18a5bab2415931ead2d0c13f0144fb07fd553b9b
    dependencies:
    - name: espp/base_component
      registry_url: https://components.espressif.com
      require: private
      version: '>=0.22.0'
    - name: espp/display
      registry_url: https://components.espressif.com
      require: private
      version: '>=0.22.0'
    - name: espp/display_drivers
      registry_url: https://components.espressif.com
      require: private
      version: '>=0.22.0'
    - name: espp/i2c
      registry_url: https://components.espressif.com
      require: private
      version: '>=0.22.0'
    - name: espp/interrupt
      registry_url: https://components.espressif.com
      require: private
      version: '>=0.22.0'
    - name: espp/led_strip
      registry_url: https://components.espressif.com
      require: private
      version: '>=0.22.0'
    - name: espp/task
      registry_url: https://components.espressif.com
      require: private
      version: '>=0.22.0'
    - name: idf
      require: private
      version: '>=5.0'
    source:
      registry_url: https://components.espressif.com/
      type: service
    version: 0.22.1
  espp/task:
    component_hash: c62211f03ad195636352a57c0061d15c1c0d272c494c33fe32143f343d4dfa37
    dependencies:
    - name: espp/base_component
      registry_url: https://components.espressif.com
      require: private
      version: '>=1.0'
    - name: idf
      require: private
      version: '>=5.0'
    source:
      registry_url: https://components.espressif.com
      type: service
    version: 1.0.36
  idf:
    source:
      type: idf
    version: 5.5.3
  lvgl/lvgl:
    component_hash: 184e532558c1c45fefed631f3e235423d22582aafb4630f3e8885c35281a49ae
    dependencies: []
    source:
      registry_url: https://components.espressif.com
      type: service
    version: 9.5.0
direct_dependencies:
- espp/t-dongle-s3
- idf
manifest_hash: 38bf3adddc6f6f9cfbd5646b6234f68dc81bc97fb1bab731c9a9d4de0d1e97eb
target: esp32s3
version: 2.0.0
